
Microsoft Visual Studio Solution File, Format Version 12.00
# Visual Studio Version 16
VisualStudioVersion = 16.0.31321.278
MinimumVisualStudioVersion = 10.0.40219.1
Project("{FAE04EC0-301F-11D3-BF4B-00C04F79EFBC}") = "WpfPracticalProject", "WpfPracticalProject.csproj", "{88E3F6A9-160E-45D9-95F4-3BD37AF91BF3}"
EndProject
Project("{FAE04EC0-301F-11D3-BF4B-00C04F79EFBC}") = "MultiComboBox", "MultiSelectComboBox\MultiComboBox.csproj", "{6E683FFD-0F53-4225-B34C-88EF47F7D062}"
EndProject
Global
	GlobalSection(SolutionConfigurationPlatforms) = preSolution
		Debug|Any CPU = Debug|Any CPU
		Debug|x86 = Debug|x86
		Release|Any CPU = Release|Any CPU
		Release|x86 = Release|x86
	EndGlobalSection
	GlobalSection(ProjectConfigurationPlatforms) = postSolution
		{88E3F6A9-160E-45D9-95F4-3BD37AF91BF3}.Debug|Any CPU.ActiveCfg = Debug|Any CPU
		{88E3F6A9-160E-45D9-95F4-3BD37AF91BF3}.Debug|Any CPU.Build.0 = Debug|Any CPU
		{88E3F6A9-160E-45D9-95F4-3BD37AF91BF3}.Debug|x86.ActiveCfg = Debug|Any CPU
		{88E3F6A9-160E-45D9-95F4-3BD37AF91BF3}.Debug|x86.Build.0 = Debug|Any CPU
		{88E3F6A9-160E-45D9-95F4-3BD37AF91BF3}.Release|Any CPU.ActiveCfg = Release|Any CPU
		{88E3F6A9-160E-45D9-95F4-3BD37AF91BF3}.Release|Any CPU.Build.0 = Release|Any CPU
		{88E3F6A9-160E-45D9-95F4-3BD37AF91BF3}.Release|x86.ActiveCfg = Release|Any CPU
		{88E3F6A9-160E-45D9-95F4-3BD37AF91BF3}.Release|x86.Build.0 = Release|Any CPU
		{6E683FFD-0F53-4225-B34C-88EF47F7D062}.Debug|Any CPU.ActiveCfg = Debug|Any CPU
		{6E683FFD-0F53-4225-B34C-88EF47F7D062}.Debug|Any CPU.Build.0 = Debug|Any CPU
		{6E683FFD-0F53-4225-B34C-88EF47F7D062}.Debug|x86.ActiveCfg = Debug|x86
		{6E683FFD-0F53-4225-B34C-88EF47F7D062}.Debug|x86.Build.0 = Debug|x86
		{6E683FFD-0F53-4225-B34C-88EF47F7D062}.Release|Any CPU.ActiveCfg = Release|Any CPU
		{6E683FFD-0F53-4225-B34C-88EF47F7D062}.Release|Any CPU.Build.0 = Release|Any CPU
		{6E683FFD-0F53-4225-B34C-88EF47F7D062}.Release|x86.ActiveCfg = Release|x86
		{6E683FFD-0F53-4225-B34C-88EF47F7D062}.Release|x86.Build.0 = Release|x86
	EndGlobalSection
	GlobalSection(SolutionProperties) = preSolution
		HideSolutionNode = FALSE
	EndGlobalSection
	GlobalSection(ExtensibilityGlobals) = postSolution
		SolutionGuid = {0DC33A47-12AA-4C26-A695-9A643249A4EA}
	EndGlobalSection
EndGlobal
